
Microsoft Visual Studio Solution File, Format Version 12.00
# Visual Studio Version 16
VisualStudioVersion = 16.0.31702.278
MinimumVisualStudioVersion = 10.0.40219.1
Project("{9A19103F-16F7-4668-BE54-9A1E7A4F7556}") = "CQRS.Api", "CQRS.APi\CQRS.Api.csproj", "{C7E65C8A-D01B-4B0B-B296-0D9FA7D9D457}"
EndProject
Project("{9A19103F-16F7-4668-BE54-9A1E7A4F7556}") = "CQRS.DataAccess", "CQRS.DataAccess\CQRS.DataAccess.csproj", "{1A25A51C-64D7-49BF-BE5F-F01F705EB982}"
EndProject
Project("{9A19103F-16F7-4668-BE54-9A1E7A4F7556}") = "CQRS.Data", "CQRS.Data\CQRS.Data.csproj", "{47E25797-B0C2-4845-9252-FF5716A98AA3}"
EndProject
Project("{9A19103F-16F7-4668-BE54-9A1E7A4F7556}") = "CQRS.Business", "CQRS.Business\CQRS.Business.csproj", "{56FD92DF-7143-44A6-AFDF-1E27872C9DCC}"
EndProject
Project("{9A19103F-16F7-4668-BE54-9A1E7A4F7556}") = "CQRS.SSO.UI", "CQRS.SSO.UI\CQRS.SSO.UI.csproj", "{81D2A21B-10F1-45ED-A9F6-A1BAC082CBB2}"
EndProject
Global
	GlobalSection(SolutionConfigurationPlatforms) = preSolution
		Debug|Any CPU = Debug|Any CPU
		Release|Any CPU = Release|Any CPU
	EndGlobalSection
	GlobalSection(ProjectConfigurationPlatforms) = postSolution
		{C7E65C8A-D01B-4B0B-B296-0D9FA7D9D457}.Debug|Any CPU.ActiveCfg = Debug|Any CPU
		{C7E65C8A-D01B-4B0B-B296-0D9FA7D9D457}.Debug|Any CPU.Build.0 = Debug|Any CPU
		{C7E65C8A-D01B-4B0B-B296-0D9FA7D9D457}.Release|Any CPU.ActiveCfg = Release|Any CPU
		{C7E65C8A-D01B-4B0B-B296-0D9FA7D9D457}.Release|Any CPU.Build.0 = Release|Any CPU
		{1A25A51C-64D7-49BF-BE5F-F01F705EB982}.Debug|Any CPU.ActiveCfg = Debug|Any CPU
		{1A25A51C-64D7-49BF-BE5F-F01F705EB982}.Debug|Any CPU.Build.0 = Debug|Any CPU
		{1A25A51C-64D7-49BF-BE5F-F01F705EB982}.Release|Any CPU.ActiveCfg = Release|Any CPU
		{1A25A51C-64D7-49BF-BE5F-F01F705EB982}.Release|Any CPU.Build.0 = Release|Any CPU
		{47E25797-B0C2-4845-9252-FF5716A98AA3}.Debug|Any CPU.ActiveCfg = Debug|Any CPU
		{47E25797-B0C2-4845-9252-FF5716A98AA3}.Debug|Any CPU.Build.0 = Debug|Any CPU
		{47E25797-B0C2-4845-9252-FF5716A98AA3}.Release|Any CPU.ActiveCfg = Release|Any CPU
		{47E25797-B0C2-4845-9252-FF5716A98AA3}.Release|Any CPU.Build.0 = Release|Any CPU
		{56FD92DF-7143-44A6-AFDF-1E27872C9DCC}.Debug|Any CPU.ActiveCfg = Debug|Any CPU
		{56FD92DF-7143-44A6-AFDF-1E27872C9DCC}.Debug|Any CPU.Build.0 = Debug|Any CPU
		{56FD92DF-7143-44A6-AFDF-1E27872C9DCC}.Release|Any CPU.ActiveCfg = Release|Any CPU
		{56FD92DF-7143-44A6-AFDF-1E27872C9DCC}.Release|Any CPU.Build.0 = Release|Any CPU
		{81D2A21B-10F1-45ED-A9F6-A1BAC082CBB2}.Debug|Any CPU.ActiveCfg = Debug|Any CPU
		{81D2A21B-10F1-45ED-A9F6-A1BAC082CBB2}.Debug|Any CPU.Build.0 = Debug|Any CPU
		{81D2A21B-10F1-45ED-A9F6-A1BAC082CBB2}.Release|Any CPU.ActiveCfg = Release|Any CPU
		{81D2A21B-10F1-45ED-A9F6-A1BAC082CBB2}.Release|Any CPU.Build.0 = Release|Any CPU
	EndGlobalSection
	GlobalSection(SolutionProperties) = preSolution
		HideSolutionNode = FALSE
	EndGlobalSection
	GlobalSection(ExtensibilityGlobals) = postSolution
		SolutionGuid = {F32D1AB3-427B-43D8-9ACF-DC739B605F5E}
	EndGlobalSection
EndGlobal
